
Microsoft Visual Studio Solution File, Format Version 12.00
# Visual Studio Version 16
VisualStudioVersion = 16.0.33423.256
MinimumVisualStudioVersion = 10.0.40219.1
Project("{8BC9CEB8-8B4A-11D0-8D11-00A0C91BC942}") = "2playerTest", "2playerTest.vcxproj", "{32CF334D-0DBC-4223-BB1F-338BEBC7C650}"
EndProject
Global
	GlobalSection(SolutionConfigurationPlatforms) = preSolution
		Debug|x64 = Debug|x64
		Debug|x86 = Debug|x86
		Release|x64 = Release|x64
		Release|x86 = Release|x86
	EndGlobalSection
	GlobalSection(ProjectConfigurationPlatforms) = postSolution
		{32CF334D-0DBC-4223-BB1F-338BEBC7C650}.Debug|x64.ActiveCfg = Debug|x64
		{32CF334D-0DBC-4223-BB1F-338BEBC7C650}.Debug|x64.Build.0 = Debug|x64
		{32CF334D-0DBC-4223-BB1F-338BEBC7C650}.Debug|x86.ActiveCfg = Debug|Win32
		{32CF334D-0DBC-4223-BB1F-338BEBC7C650}.Debug|x86.Build.0 = Debug|Win32
		{32CF334D-0DBC-4223-BB1F-338BEBC7C650}.Release|x64.ActiveCfg = Release|x64
		{32CF334D-0DBC-4223-BB1F-338BEBC7C650}.Release|x64.Build.0 = Release|x64
		{32CF334D-0DBC-4223-BB1F-338BEBC7C650}.Release|x86.ActiveCfg = Release|Win32
		{32CF334D-0DBC-4223-BB1F-338BEBC7C650}.Release|x86.Build.0 = Release|Win32
	EndGlobalSection
	GlobalSection(SolutionProperties) = preSolution
		HideSolutionNode = FALSE
	EndGlobalSection
	GlobalSection(ExtensibilityGlobals) = postSolution
		SolutionGuid = {44069A1A-B1BA-4FDA-9698-B3140F48683F}
	EndGlobalSection
EndGlobal
